
Microsoft Visual Studio Solution File, Format Version 12.00
# Visual Studio Version 16
VisualStudioVersion = 16.0.31702.278
MinimumVisualStudioVersion = 10.0.40219.1
Project("{FAE04EC0-301F-11D3-BF4B-00C04F79EFBC}") = "HungryGamesSim", "HungryGamesSim\HungryGamesSim.csproj", "{BE449CAC-D22B-434F-B206-507870874557}"
EndProject
Global
	GlobalSection(SolutionConfigurationPlatforms) = preSolution
		Debug|Any CPU = Debug|Any CPU
		Release|Any CPU = Release|Any CPU
	EndGlobalSection
	GlobalSection(ProjectConfigurationPlatforms) = postSolution
		{BE449CAC-D22B-434F-B206-507870874557}.Debug|Any CPU.ActiveCfg = Debug|Any CPU
		{BE449CAC-D22B-434F-B206-507870874557}.Debug|Any CPU.Build.0 = Debug|Any CPU
		{BE449CAC-D22B-434F-B206-507870874557}.Release|Any CPU.ActiveCfg = Release|Any CPU
		{BE449CAC-D22B-434F-B206-507870874557}.Release|Any CPU.Build.0 = Release|Any CPU
	EndGlobalSection
	GlobalSection(SolutionProperties) = preSolution
		HideSolutionNode = FALSE
	EndGlobalSection
	GlobalSection(ExtensibilityGlobals) = postSolution
		SolutionGuid = {059B73F7-D9B8-4470-AD25-18CEDC99F465}
	EndGlobalSection
EndGlobal
